{
  "object": {
    "pins": [
      {
        "package": "simple-asn1-reader-writer",
        "repositoryURL": "https://github.com/nextincrement/simple-asn1-reader-writer.git",
        "state": {
          "branch": null,
          "revision": "1591c6391a8976ad8d8d6ad79e13311cb1a1a5b8",
          "version": "0.0.3"
        }
      }
    ]
  },
  "version": 1
}
