{
  "object": {
    "pins": [
      {
        "package": "simple-asn1-reader-writer",
        "repositoryURL": "https://github.com/nextincrement/simple-asn1-reader-writer.git",
        "state": {
          "branch": null,
          "revision": "e8e656b609ff94581932f3bbb5a952fef6f03aef",
          "version": "0.1.0"
        }
      }
    ]
  },
  "version": 1
}
