{
  "object": {
    "pins": [
      {
        "package": "simple-asn1-reader-writer",
        "repositoryURL": "https://github.com/nextincrement/simple-asn1-reader-writer.git",
        "state": {
          "branch": null,
          "revision": "d101d2d057c26d865632b8750d154ffa16237b49",
          "version": "0.0.2"
        }
      }
    ]
  },
  "version": 1
}
